
Microsoft Visual Studio Solution File, Format Version 12.00
# Visual Studio Version 16
VisualStudioVersion = 16.0.31702.278
MinimumVisualStudioVersion = 10.0.40219.1
Project("{9A19103F-16F7-4668-BE54-9A1E7A4F7556}") = "CSharp-TP2", "CSharp-TP2.csproj", "{CBBA78E6-271C-4D2E-859E-D85EB6571A66}"
EndProject
Global
	GlobalSection(SolutionConfigurationPlatforms) = preSolution
		Debug|Any CPU = Debug|Any CPU
		Release|Any CPU = Release|Any CPU
	EndGlobalSection
	GlobalSection(ProjectConfigurationPlatforms) = postSolution
		{CBBA78E6-271C-4D2E-859E-D85EB6571A66}.Debug|Any CPU.ActiveCfg = Debug|Any CPU
		{CBBA78E6-271C-4D2E-859E-D85EB6571A66}.Debug|Any CPU.Build.0 = Debug|Any CPU
		{CBBA78E6-271C-4D2E-859E-D85EB6571A66}.Release|Any CPU.ActiveCfg = Release|Any CPU
		{CBBA78E6-271C-4D2E-859E-D85EB6571A66}.Release|Any CPU.Build.0 = Release|Any CPU
	EndGlobalSection
	GlobalSection(SolutionProperties) = preSolution
		HideSolutionNode = FALSE
	EndGlobalSection
	GlobalSection(ExtensibilityGlobals) = postSolution
		SolutionGuid = {6A96DF57-E350-4078-B489-7128D31B8CFD}
	EndGlobalSection
EndGlobal
