
Microsoft Visual Studio Solution File, Format Version 12.00
# Visual Studio Version 16
VisualStudioVersion = 16.0.31702.278
MinimumVisualStudioVersion = 10.0.40219.1
Project("{FAE04EC0-301F-11D3-BF4B-00C04F79EFBC}") = "CSharp-TP2", "CSharp-TP2\CSharp-TP2.csproj", "{23DF1D6F-5942-478D-BED9-69DA2E26AA40}"
EndProject
Global
	GlobalSection(SolutionConfigurationPlatforms) = preSolution
		Debug|Any CPU = Debug|Any CPU
		Release|Any CPU = Release|Any CPU
	EndGlobalSection
	GlobalSection(ProjectConfigurationPlatforms) = postSolution
		{23DF1D6F-5942-478D-BED9-69DA2E26AA40}.Debug|Any CPU.ActiveCfg = Debug|Any CPU
		{23DF1D6F-5942-478D-BED9-69DA2E26AA40}.Debug|Any CPU.Build.0 = Debug|Any CPU
		{23DF1D6F-5942-478D-BED9-69DA2E26AA40}.Release|Any CPU.ActiveCfg = Release|Any CPU
		{23DF1D6F-5942-478D-BED9-69DA2E26AA40}.Release|Any CPU.Build.0 = Release|Any CPU
	EndGlobalSection
	GlobalSection(SolutionProperties) = preSolution
		HideSolutionNode = FALSE
	EndGlobalSection
	GlobalSection(ExtensibilityGlobals) = postSolution
		SolutionGuid = {0C8981BC-32B6-4B1F-8A6E-1A96CCB8C3A0}
	EndGlobalSection
EndGlobal
